
Microsoft Visual Studio Solution File, Format Version 12.00
# Visual Studio Version 16
VisualStudioVersion = 16.0.30523.141
MinimumVisualStudioVersion = 10.0.40219.1
Project("{FAE04EC0-301F-11D3-BF4B-00C04F79EFBC}") = "Practica_CRUD", "Practica_CRUD\Practica_CRUD.csproj", "{0C41DB9B-63FF-40CE-859C-8CC417EC5C12}"
EndProject
Global
	GlobalSection(SolutionConfigurationPlatforms) = preSolution
		Debug|Any CPU = Debug|Any CPU
		Release|Any CPU = Release|Any CPU
	EndGlobalSection
	GlobalSection(ProjectConfigurationPlatforms) = postSolution
		{0C41DB9B-63FF-40CE-859C-8CC417EC5C12}.Debug|Any CPU.ActiveCfg = Debug|Any CPU
		{0C41DB9B-63FF-40CE-859C-8CC417EC5C12}.Debug|Any CPU.Build.0 = Debug|Any CPU
		{0C41DB9B-63FF-40CE-859C-8CC417EC5C12}.Release|Any CPU.ActiveCfg = Release|Any CPU
		{0C41DB9B-63FF-40CE-859C-8CC417EC5C12}.Release|Any CPU.Build.0 = Release|Any CPU
	EndGlobalSection
	GlobalSection(SolutionProperties) = preSolution
		HideSolutionNode = FALSE
	EndGlobalSection
	GlobalSection(ExtensibilityGlobals) = postSolution
		SolutionGuid = {511A2100-39C8-4909-9894-43D3DE2ADEB6}
	EndGlobalSection
EndGlobal
